
Microsoft Visual Studio Solution File, Format Version 12.00
# Visual Studio Version 17
VisualStudioVersion = 17.0.31903.59
MinimumVisualStudioVersion = 10.0.40219.1
Project("{2150E333-8FDC-42A3-9474-1A3956D46DE8}") = "Services", "Services", "{3D0573DE-5C6C-4144-BD44-73EDE5E04965}"
EndProject
Project("{2150E333-8FDC-42A3-9474-1A3956D46DE8}") = "Catalog", "Catalog", "{97327333-1CF6-4C7C-AFA4-E7FE138498FC}"
EndProject
Project("{9A19103F-16F7-4668-BE54-9A1E7A4F7556}") = "FreeCourse.Services.Catalog", "Services\Catalog\FreeCourse.Services.Catalog\FreeCourse.Services.Catalog.csproj", "{D81AB14D-419D-4CBF-9A94-42E859952D72}"
EndProject
Project("{2150E333-8FDC-42A3-9474-1A3956D46DE8}") = "Solution Items", "Solution Items", "{0B888D4C-51D4-4815-9F79-60D7E5A67DD8}"
	ProjectSection(SolutionItems) = preProject
		Port.txt = Port.txt
	EndProjectSection
EndProject
Project("{2150E333-8FDC-42A3-9474-1A3956D46DE8}") = "Shared", "Shared", "{028D30BF-F922-4537-BE43-ABDF41E1DD79}"
EndProject
Project("{9A19103F-16F7-4668-BE54-9A1E7A4F7556}") = "FreeCourse.Shared", "Shared\FreeCourse.Shared\FreeCourse.Shared.csproj", "{69594B9F-EBE6-4C7B-B40A-D02CD48C8C51}"
EndProject
Project("{2150E333-8FDC-42A3-9474-1A3956D46DE8}") = "IdentityServer", "IdentityServer", "{0F406FC4-C1B2-46AF-8DFE-4437026D51BB}"
EndProject
Project("{9A19103F-16F7-4668-BE54-9A1E7A4F7556}") = "FreeCourse.IdentityServer", "IdentityServer\FreeCourse.IdentityServer\FreeCourse.IdentityServer.csproj", "{6DFA418B-95CF-49BC-AB3C-AD05C607103B}"
EndProject
Project("{2150E333-8FDC-42A3-9474-1A3956D46DE8}") = "Basket", "Basket", "{47604F77-D44F-4025-A0E6-BE2B36E7FF8B}"
EndProject
Project("{2150E333-8FDC-42A3-9474-1A3956D46DE8}") = "Core", "Core", "{6E363424-6427-4B0B-909D-95335F909836}"
EndProject
Project("{9A19103F-16F7-4668-BE54-9A1E7A4F7556}") = "FreeCourse.Core", "Core\FreeCourse.Core\FreeCourse.Core.csproj", "{960FB21B-E753-4CB5-A3A1-7042551E3099}"
EndProject
Project("{2150E333-8FDC-42A3-9474-1A3956D46DE8}") = "Catalog2", "Catalog2", "{3892153E-D674-4A0D-AF44-BEA99C0D64A5}"
EndProject
Project("{2150E333-8FDC-42A3-9474-1A3956D46DE8}") = "Product", "Product", "{1C8E4EFA-B001-496E-9273-58635C01204E}"
EndProject
Project("{9A19103F-16F7-4668-BE54-9A1E7A4F7556}") = "FreeCourse.Services.Product", "Services\Product\FreeCourse.Services.Product\FreeCourse.Services.Product.csproj", "{028C235E-30CD-43C4-B457-63759982523E}"
EndProject
Project("{9A19103F-16F7-4668-BE54-9A1E7A4F7556}") = "FreeCourse.Services.Catalog2", "..\..\..\Desktop\FreeCourse.Services.Catalog2\FreeCourse.Services.Catalog2.csproj", "{91102A4F-18FD-4E64-B3F6-6AFB6EA1838F}"
EndProject
Project("{9A19103F-16F7-4668-BE54-9A1E7A4F7556}") = "FreeCourse.Services.Basket", "..\..\..\Desktop\FreeCourse.Services.Basket\FreeCourse.Services.Basket.csproj", "{295A2378-0C95-462C-9B67-ADFCB971B2BE}"
EndProject
Project("{2150E333-8FDC-42A3-9474-1A3956D46DE8}") = "DiscountDapper", "DiscountDapper", "{3BD1BB7D-D847-40ED-896D-6C976D711D44}"
EndProject
Project("{9A19103F-16F7-4668-BE54-9A1E7A4F7556}") = "FreeCourse.Services.Discount", "Services\DiscountDapper\FreeCourse.Services.Discount\FreeCourse.Services.Discount.csproj", "{FCBE0792-84BF-4BBC-9BC3-F2BE53AF3A8E}"
EndProject
Project("{2150E333-8FDC-42A3-9474-1A3956D46DE8}") = "DiscountEf", "DiscountEf", "{2EECE4A4-BAF5-46C5-B157-0A392F6E8C79}"
EndProject
Project("{9A19103F-16F7-4668-BE54-9A1E7A4F7556}") = "FreeCourse.Services.DiscountEfCore", "Services\DiscountEf\FreeCourse.Services.DiscountEfCore\FreeCourse.Services.DiscountEfCore.csproj", "{2291A257-54FB-4F09-9E4C-B97DEA402530}"
EndProject
Project("{2150E333-8FDC-42A3-9474-1A3956D46DE8}") = "Order", "Order", "{35A134B5-B69E-4B6B-9620-21B32E242D34}"
EndProject
Project("{9A19103F-16F7-4668-BE54-9A1E7A4F7556}") = "FreeCourse.Services.Order.Application", "Services\Order\FreeCourse.Services.Order.Application\FreeCourse.Services.Order.Application.csproj", "{D8CEC944-9CB9-421B-92F5-F9F3625F5B24}"
EndProject
Project("{9A19103F-16F7-4668-BE54-9A1E7A4F7556}") = "FreeCourse.Services.Order.Domain.Core", "Services\Order\FreeCourse.Services.Order.Domain.Core\FreeCourse.Services.Order.Domain.Core.csproj", "{EF6A3D7D-6A46-4DDB-A9BD-3A8513D52752}"
EndProject
Project("{9A19103F-16F7-4668-BE54-9A1E7A4F7556}") = "FreeCourse.Services.Order.Domain", "Services\Order\FreeCourse.Services.Order.Domain\FreeCourse.Services.Order.Domain.csproj", "{9B90879A-8CF9-4E64-8619-00570A0472B7}"
EndProject
Project("{9A19103F-16F7-4668-BE54-9A1E7A4F7556}") = "FreeCourse.Services.Order.Infrastracture", "Services\Order\FreeCourse.Services.Order.Infrastracture\FreeCourse.Services.Order.Infrastracture.csproj", "{F6C2CFD9-51FA-42D2-B1A4-CB3D61F17BD5}"
EndProject
Project("{9A19103F-16F7-4668-BE54-9A1E7A4F7556}") = "FreeCourse.Services.Order.API", "Services\Order\FreeCourse.Services.Order.API\FreeCourse.Services.Order.API.csproj", "{9CA13F4B-B544-4643-9CB9-1985676A4049}"
EndProject
Global
	GlobalSection(SolutionConfigurationPlatforms) = preSolution
		Debug|Any CPU = Debug|Any CPU
		Release|Any CPU = Release|Any CPU
	EndGlobalSection
	GlobalSection(ProjectConfigurationPlatforms) = postSolution
		{D81AB14D-419D-4CBF-9A94-42E859952D72}.Debug|Any CPU.ActiveCfg = Debug|Any CPU
		{D81AB14D-419D-4CBF-9A94-42E859952D72}.Debug|Any CPU.Build.0 = Debug|Any CPU
		{D81AB14D-419D-4CBF-9A94-42E859952D72}.Release|Any CPU.ActiveCfg = Release|Any CPU
		{D81AB14D-419D-4CBF-9A94-42E859952D72}.Release|Any CPU.Build.0 = Release|Any CPU
		{69594B9F-EBE6-4C7B-B40A-D02CD48C8C51}.Debug|Any CPU.ActiveCfg = Debug|Any CPU
		{69594B9F-EBE6-4C7B-B40A-D02CD48C8C51}.Debug|Any CPU.Build.0 = Debug|Any CPU
		{69594B9F-EBE6-4C7B-B40A-D02CD48C8C51}.Release|Any CPU.ActiveCfg = Release|Any CPU
		{69594B9F-EBE6-4C7B-B40A-D02CD48C8C51}.Release|Any CPU.Build.0 = Release|Any CPU
		{6DFA418B-95CF-49BC-AB3C-AD05C607103B}.Debug|Any CPU.ActiveCfg = Debug|Any CPU
		{6DFA418B-95CF-49BC-AB3C-AD05C607103B}.Debug|Any CPU.Build.0 = Debug|Any CPU
		{6DFA418B-95CF-49BC-AB3C-AD05C607103B}.Release|Any CPU.ActiveCfg = Release|Any CPU
		{6DFA418B-95CF-49BC-AB3C-AD05C607103B}.Release|Any CPU.Build.0 = Release|Any CPU
		{960FB21B-E753-4CB5-A3A1-7042551E3099}.Debug|Any CPU.ActiveCfg = Debug|Any CPU
		{960FB21B-E753-4CB5-A3A1-7042551E3099}.Debug|Any CPU.Build.0 = Debug|Any CPU
		{960FB21B-E753-4CB5-A3A1-7042551E3099}.Release|Any CPU.ActiveCfg = Release|Any CPU
		{960FB21B-E753-4CB5-A3A1-7042551E3099}.Release|Any CPU.Build.0 = Release|Any CPU
		{028C235E-30CD-43C4-B457-63759982523E}.Debug|Any CPU.ActiveCfg = Debug|Any CPU
		{028C235E-30CD-43C4-B457-63759982523E}.Debug|Any CPU.Build.0 = Debug|Any CPU
		{028C235E-30CD-43C4-B457-63759982523E}.Release|Any CPU.ActiveCfg = Release|Any CPU
		{028C235E-30CD-43C4-B457-63759982523E}.Release|Any CPU.Build.0 = Release|Any CPU
		{91102A4F-18FD-4E64-B3F6-6AFB6EA1838F}.Debug|Any CPU.ActiveCfg = Debug|Any CPU
		{91102A4F-18FD-4E64-B3F6-6AFB6EA1838F}.Debug|Any CPU.Build.0 = Debug|Any CPU
		{91102A4F-18FD-4E64-B3F6-6AFB6EA1838F}.Release|Any CPU.ActiveCfg = Release|Any CPU
		{91102A4F-18FD-4E64-B3F6-6AFB6EA1838F}.Release|Any CPU.Build.0 = Release|Any CPU
		{295A2378-0C95-462C-9B67-ADFCB971B2BE}.Debug|Any CPU.ActiveCfg = Debug|Any CPU
		{295A2378-0C95-462C-9B67-ADFCB971B2BE}.Debug|Any CPU.Build.0 = Debug|Any CPU
		{295A2378-0C95-462C-9B67-ADFCB971B2BE}.Release|Any CPU.ActiveCfg = Release|Any CPU
		{295A2378-0C95-462C-9B67-ADFCB971B2BE}.Release|Any CPU.Build.0 = Release|Any CPU
		{FCBE0792-84BF-4BBC-9BC3-F2BE53AF3A8E}.Debug|Any CPU.ActiveCfg = Debug|Any CPU
		{FCBE0792-84BF-4BBC-9BC3-F2BE53AF3A8E}.Debug|Any CPU.Build.0 = Debug|Any CPU
		{FCBE0792-84BF-4BBC-9BC3-F2BE53AF3A8E}.Release|Any CPU.ActiveCfg = Release|Any CPU
		{FCBE0792-84BF-4BBC-9BC3-F2BE53AF3A8E}.Release|Any CPU.Build.0 = Release|Any CPU
		{2291A257-54FB-4F09-9E4C-B97DEA402530}.Debug|Any CPU.ActiveCfg = Debug|Any CPU
		{2291A257-54FB-4F09-9E4C-B97DEA402530}.Debug|Any CPU.Build.0 = Debug|Any CPU
		{2291A257-54FB-4F09-9E4C-B97DEA402530}.Release|Any CPU.ActiveCfg = Release|Any CPU
		{2291A257-54FB-4F09-9E4C-B97DEA402530}.Release|Any CPU.Build.0 = Release|Any CPU
		{D8CEC944-9CB9-421B-92F5-F9F3625F5B24}.Debug|Any CPU.ActiveCfg = Debug|Any CPU
		{D8CEC944-9CB9-421B-92F5-F9F3625F5B24}.Debug|Any CPU.Build.0 = Debug|Any CPU
		{D8CEC944-9CB9-421B-92F5-F9F3625F5B24}.Release|Any CPU.ActiveCfg = Release|Any CPU
		{D8CEC944-9CB9-421B-92F5-F9F3625F5B24}.Release|Any CPU.Build.0 = Release|Any CPU
		{EF6A3D7D-6A46-4DDB-A9BD-3A8513D52752}.Debug|Any CPU.ActiveCfg = Debug|Any CPU
		{EF6A3D7D-6A46-4DDB-A9BD-3A8513D52752}.Debug|Any CPU.Build.0 = Debug|Any CPU
		{EF6A3D7D-6A46-4DDB-A9BD-3A8513D52752}.Release|Any CPU.ActiveCfg = Release|Any CPU
		{EF6A3D7D-6A46-4DDB-A9BD-3A8513D52752}.Release|Any CPU.Build.0 = Release|Any CPU
		{9B90879A-8CF9-4E64-8619-00570A0472B7}.Debug|Any CPU.ActiveCfg = Debug|Any CPU
		{9B90879A-8CF9-4E64-8619-00570A0472B7}.Debug|Any CPU.Build.0 = Debug|Any CPU
		{9B90879A-8CF9-4E64-8619-00570A0472B7}.Release|Any CPU.ActiveCfg = Release|Any CPU
		{9B90879A-8CF9-4E64-8619-00570A0472B7}.Release|Any CPU.Build.0 = Release|Any CPU
		{F6C2CFD9-51FA-42D2-B1A4-CB3D61F17BD5}.Debug|Any CPU.ActiveCfg = Debug|Any CPU
		{F6C2CFD9-51FA-42D2-B1A4-CB3D61F17BD5}.Debug|Any CPU.Build.0 = Debug|Any CPU
		{F6C2CFD9-51FA-42D2-B1A4-CB3D61F17BD5}.Release|Any CPU.ActiveCfg = Release|Any CPU
		{F6C2CFD9-51FA-42D2-B1A4-CB3D61F17BD5}.Release|Any CPU.Build.0 = Release|Any CPU
		{9CA13F4B-B544-4643-9CB9-1985676A4049}.Debug|Any CPU.ActiveCfg = Debug|Any CPU
		{9CA13F4B-B544-4643-9CB9-1985676A4049}.Debug|Any CPU.Build.0 = Debug|Any CPU
		{9CA13F4B-B544-4643-9CB9-1985676A4049}.Release|Any CPU.ActiveCfg = Release|Any CPU
		{9CA13F4B-B544-4643-9CB9-1985676A4049}.Release|Any CPU.Build.0 = Release|Any CPU
	EndGlobalSection
	GlobalSection(SolutionProperties) = preSolution
		HideSolutionNode = FALSE
	EndGlobalSection
	GlobalSection(NestedProjects) = preSolution
		{97327333-1CF6-4C7C-AFA4-E7FE138498FC} = {3D0573DE-5C6C-4144-BD44-73EDE5E04965}
		{D81AB14D-419D-4CBF-9A94-42E859952D72} = {97327333-1CF6-4C7C-AFA4-E7FE138498FC}
		{69594B9F-EBE6-4C7B-B40A-D02CD48C8C51} = {028D30BF-F922-4537-BE43-ABDF41E1DD79}
		{6DFA418B-95CF-49BC-AB3C-AD05C607103B} = {0F406FC4-C1B2-46AF-8DFE-4437026D51BB}
		{47604F77-D44F-4025-A0E6-BE2B36E7FF8B} = {3D0573DE-5C6C-4144-BD44-73EDE5E04965}
		{960FB21B-E753-4CB5-A3A1-7042551E3099} = {6E363424-6427-4B0B-909D-95335F909836}
		{3892153E-D674-4A0D-AF44-BEA99C0D64A5} = {3D0573DE-5C6C-4144-BD44-73EDE5E04965}
		{1C8E4EFA-B001-496E-9273-58635C01204E} = {3D0573DE-5C6C-4144-BD44-73EDE5E04965}
		{028C235E-30CD-43C4-B457-63759982523E} = {1C8E4EFA-B001-496E-9273-58635C01204E}
		{91102A4F-18FD-4E64-B3F6-6AFB6EA1838F} = {3892153E-D674-4A0D-AF44-BEA99C0D64A5}
		{295A2378-0C95-462C-9B67-ADFCB971B2BE} = {47604F77-D44F-4025-A0E6-BE2B36E7FF8B}
		{3BD1BB7D-D847-40ED-896D-6C976D711D44} = {3D0573DE-5C6C-4144-BD44-73EDE5E04965}
		{FCBE0792-84BF-4BBC-9BC3-F2BE53AF3A8E} = {3BD1BB7D-D847-40ED-896D-6C976D711D44}
		{2EECE4A4-BAF5-46C5-B157-0A392F6E8C79} = {3D0573DE-5C6C-4144-BD44-73EDE5E04965}
		{2291A257-54FB-4F09-9E4C-B97DEA402530} = {2EECE4A4-BAF5-46C5-B157-0A392F6E8C79}
		{35A134B5-B69E-4B6B-9620-21B32E242D34} = {3D0573DE-5C6C-4144-BD44-73EDE5E04965}
		{D8CEC944-9CB9-421B-92F5-F9F3625F5B24} = {35A134B5-B69E-4B6B-9620-21B32E242D34}
		{EF6A3D7D-6A46-4DDB-A9BD-3A8513D52752} = {35A134B5-B69E-4B6B-9620-21B32E242D34}
		{9B90879A-8CF9-4E64-8619-00570A0472B7} = {35A134B5-B69E-4B6B-9620-21B32E242D34}
		{F6C2CFD9-51FA-42D2-B1A4-CB3D61F17BD5} = {35A134B5-B69E-4B6B-9620-21B32E242D34}
		{9CA13F4B-B544-4643-9CB9-1985676A4049} = {35A134B5-B69E-4B6B-9620-21B32E242D34}
	EndGlobalSection
	GlobalSection(ExtensibilityGlobals) = postSolution
		SolutionGuid = {7FE49947-68E9-42BB-B656-6025793D0627}
	EndGlobalSection
EndGlobal
